{
  "name": "amazon",
  "version": "0.0.0",
  "lockfileVersion": 1,
  "requires": true,
  "dependencies": {
    "ember-cli-icheck": {
      "version": "0.0.7",
      "resolved": "http://registry.npm.taobao.org/ember-cli-icheck/download/ember-cli-icheck-0.0.7.tgz",
      "integrity": "sha1-w1/E4zTP8EgD0EbfD9YeW9Ui58I=",
      "dev": true
    }
  }
}
